// !$*UTF8*$!
{
	archiveVersion = 1;
	classes = {
	};
	objectVersion = 50;
	objects = {

/* Begin PBXBuildFile section */
		27E5F16D4B48D0F0C219790A /* Pods_swift_corkboard.framework in Frameworks */ = {isa = PBXBuildFile; fileRef = CE2D303AFD5A04C33266D52F /* Pods_swift_corkboard.framework */; };
		66BA8BD5C1E650AAB6BD8745 /* Pods_swift_corkboardUITests.framework in Frameworks */ = {isa = PBXBuildFile; fileRef = 621F9337CF51F4F501F88394 /* Pods_swift_corkboardUITests.framework */; };
		748F9E9A24FE12384A8AFFA2 /* Pods_swift_corkboardTests.framework in Frameworks */ = {isa = PBXBuildFile; fileRef = A760FBE2A4C7B2D3C49AD9FF /* Pods_swift_corkboardTests.framework */; };
		F106D7A12148BCA2008C51C4 /* BoardViewController.swift in Sources */ = {isa = PBXBuildFile; fileRef = F106D7A02148BCA2008C51C4 /* BoardViewController.swift */; };
		F106D7A32148BCB4008C51C4 /* BoardSettingsViewController.swift in Sources */ = {isa = PBXBuildFile; fileRef = F106D7A22148BCB4008C51C4 /* BoardSettingsViewController.swift */; };
		F106D7A52148BCC2008C51C4 /* UserSettingsViewController.swift in Sources */ = {isa = PBXBuildFile; fileRef = F106D7A42148BCC2008C51C4 /* UserSettingsViewController.swift */; };
		F12ADF7F2141B67800FAF011 /* LoginViewController.swift in Sources */ = {isa = PBXBuildFile; fileRef = F12ADF7E2141B67800FAF011 /* LoginViewController.swift */; };
		F12ADF832141B6E000FAF011 /* WelcomeViewController.swift in Sources */ = {isa = PBXBuildFile; fileRef = F12ADF822141B6E000FAF011 /* WelcomeViewController.swift */; };
		F12ADF852141B73100FAF011 /* RegisterViewController.swift in Sources */ = {isa = PBXBuildFile; fileRef = F12ADF842141B73100FAF011 /* RegisterViewController.swift */; };
		F12ADF872141B74400FAF011 /* MainViewController.swift in Sources */ = {isa = PBXBuildFile; fileRef = F12ADF862141B74400FAF011 /* MainViewController.swift */; };
		F13E8196214F6944002BD58A /* NoteViewCell.swift in Sources */ = {isa = PBXBuildFile; fileRef = F13E8194214F6944002BD58A /* NoteViewCell.swift */; };
		F13E8197214F6944002BD58A /* NoteViewCell.xib in Resources */ = {isa = PBXBuildFile; fileRef = F13E8195214F6944002BD58A /* NoteViewCell.xib */; };
		F13E8199214F6A4F002BD58A /* NoteModel.swift in Sources */ = {isa = PBXBuildFile; fileRef = F13E8198214F6A4F002BD58A /* NoteModel.swift */; };
		F13E819B214FFAFB002BD58A /* ListModel.swift in Sources */ = {isa = PBXBuildFile; fileRef = F13E819A214FFAFB002BD58A /* ListModel.swift */; };
		F13E819D214FFB0A002BD58A /* ImageModel.swift in Sources */ = {isa = PBXBuildFile; fileRef = F13E819C214FFB0A002BD58A /* ImageModel.swift */; };
		F13E819F214FFB19002BD58A /* VideoModel.swift in Sources */ = {isa = PBXBuildFile; fileRef = F13E819E214FFB19002BD58A /* VideoModel.swift */; };
		F13E81A1214FFB3E002BD58A /* WebpageModel.swift in Sources */ = {isa = PBXBuildFile; fileRef = F13E81A0214FFB3E002BD58A /* WebpageModel.swift */; };
		F13E81A4214FFBBF002BD58A /* ListCell.swift in Sources */ = {isa = PBXBuildFile; fileRef = F13E81A2214FFBBF002BD58A /* ListCell.swift */; };
		F13E81A5214FFBBF002BD58A /* ListCell.xib in Resources */ = {isa = PBXBuildFile; fileRef = F13E81A3214FFBBF002BD58A /* ListCell.xib */; };
		F13E81A8214FFBCC002BD58A /* ImageCell.swift in Sources */ = {isa = PBXBuildFile; fileRef = F13E81A6214FFBCC002BD58A /* ImageCell.swift */; };
		F13E81A9214FFBCC002BD58A /* ImageCell.xib in Resources */ = {isa = PBXBuildFile; fileRef = F13E81A7214FFBCC002BD58A /* ImageCell.xib */; };
		F13E81AC214FFBDF002BD58A /* VideoCell.swift in Sources */ = {isa = PBXBuildFile; fileRef = F13E81AA214FFBDF002BD58A /* VideoCell.swift */; };
		F13E81AD214FFBDF002BD58A /* VideoCell.xib in Resources */ = {isa = PBXBuildFile; fileRef = F13E81AB214FFBDF002BD58A /* VideoCell.xib */; };
		F13E81B0214FFBF2002BD58A /* WebpageCell.swift in Sources */ = {isa = PBXBuildFile; fileRef = F13E81AE214FFBF2002BD58A /* WebpageCell.swift */; };
		F13E81B1214FFBF2002BD58A /* WebpageCell.xib in Resources */ = {isa = PBXBuildFile; fileRef = F13E81AF214FFBF2002BD58A /* WebpageCell.xib */; };
		F13E81B321503B5D002BD58A /* GoogleService-Info.plist in Resources */ = {isa = PBXBuildFile; fileRef = F13E81B221503B5D002BD58A /* GoogleService-Info.plist */; };
		F1602D5621404601005DFA13 /* AppDelegate.swift in Sources */ = {isa = PBXBuildFile; fileRef = F1602D5521404601005DFA13 /* AppDelegate.swift */; };
		F1602D5B21404601005DFA13 /* Main.storyboard in Resources */ = {isa = PBXBuildFile; fileRef = F1602D5921404601005DFA13 /* Main.storyboard */; };
		F1602D5D21404602005DFA13 /* Assets.xcassets in Resources */ = {isa = PBXBuildFile; fileRef = F1602D5C21404602005DFA13 /* Assets.xcassets */; };
		F1602D6021404602005DFA13 /* LaunchScreen.storyboard in Resources */ = {isa = PBXBuildFile; fileRef = F1602D5E21404602005DFA13 /* LaunchScreen.storyboard */; };
		F1602D6B21404602005DFA13 /* swift_corkboardTests.swift in Sources */ = {isa = PBXBuildFile; fileRef = F1602D6A21404602005DFA13 /* swift_corkboardTests.swift */; };
		F1602D7621404602005DFA13 /* swift_corkboardUITests.swift in Sources */ = {isa = PBXBuildFile; fileRef = F1602D7521404602005DFA13 /* swift_corkboardUITests.swift */; };
		F19A0EFD214B0468007C1D31 /* BoardIconModel.swift in Sources */ = {isa = PBXBuildFile; fileRef = F19A0EFC214B0468007C1D31 /* BoardIconModel.swift */; };
		F19A0F04214DD6A2007C1D31 /* BoardCellCollectionViewCell.swift in Sources */ = {isa = PBXBuildFile; fileRef = F19A0F02214DD6A2007C1D31 /* BoardCellCollectionViewCell.swift */; };
		F19A0F05214DD6A2007C1D31 /* BoardCellCollectionViewCell.xib in Resources */ = {isa = PBXBuildFile; fileRef = F19A0F03214DD6A2007C1D31 /* BoardCellCollectionViewCell.xib */; };
/* End PBXBuildFile section */

/* Begin PBXContainerItemProxy section */
		F1602D6721404602005DFA13 /* PBXContainerItemProxy */ = {
			isa = PBXContainerItemProxy;
			containerPortal = F1602D4A21404601005DFA13 /* Project object */;
			proxyType = 1;
			remoteGlobalIDString = F1602D5121404601005DFA13;
			remoteInfo = "swift-corkboard";
		};
		F1602D7221404602005DFA13 /* PBXContainerItemProxy */ = {
			isa = PBXContainerItemProxy;
			containerPortal = F1602D4A21404601005DFA13 /* Project object */;
			proxyType = 1;
			remoteGlobalIDString = F1602D5121404601005DFA13;
			remoteInfo = "swift-corkboard";
		};
/* End PBXContainerItemProxy section */

/* Begin PBXFileReference section */
		0222995816F9D51D73081D39 /* Pods-swift-corkboardUITests.debug.xcconfig */ = {isa = PBXFileReference; includeInIndex = 1; lastKnownFileType = text.xcconfig; name = "Pods-swift-corkboardUITests.debug.xcconfig"; path = "Pods/Target Support Files/Pods-swift-corkboardUITests/Pods-swift-corkboardUITests.debug.xcconfig"; sourceTree = "<group>"; };
		0D199E4344232A2ED32D5E2F /* Pods-swift-corkboardUITests.release.xcconfig */ = {isa = PBXFileReference; includeInIndex = 1; lastKnownFileType = text.xcconfig; name = "Pods-swift-corkboardUITests.release.xcconfig"; path = "Pods/Target Support Files/Pods-swift-corkboardUITests/Pods-swift-corkboardUITests.release.xcconfig"; sourceTree = "<group>"; };
		360B873E893114DE716F096F /* Pods-swift-corkboardTests.debug.xcconfig */ = {isa = PBXFileReference; includeInIndex = 1; lastKnownFileType = text.xcconfig; name = "Pods-swift-corkboardTests.debug.xcconfig"; path = "Pods/Target Support Files/Pods-swift-corkboardTests/Pods-swift-corkboardTests.debug.xcconfig"; sourceTree = "<group>"; };
		44A10D12213C68788F7E5B77 /* Pods-swift-corkboard.release.xcconfig */ = {isa = PBXFileReference; includeInIndex = 1; lastKnownFileType = text.xcconfig; name = "Pods-swift-corkboard.release.xcconfig"; path = "Pods/Target Support Files/Pods-swift-corkboard/Pods-swift-corkboard.release.xcconfig"; sourceTree = "<group>"; };
		4780C9A054E8CED54B42120D /* Pods-swift-corkboardTests.release.xcconfig */ = {isa = PBXFileReference; includeInIndex = 1; lastKnownFileType = text.xcconfig; name = "Pods-swift-corkboardTests.release.xcconfig"; path = "Pods/Target Support Files/Pods-swift-corkboardTests/Pods-swift-corkboardTests.release.xcconfig"; sourceTree = "<group>"; };
		621F9337CF51F4F501F88394 /* Pods_swift_corkboardUITests.framework */ = {isa = PBXFileReference; explicitFileType = wrapper.framework; includeInIndex = 0; path = Pods_swift_corkboardUITests.framework; sourceTree = BUILT_PRODUCTS_DIR; };
		A760FBE2A4C7B2D3C49AD9FF /* Pods_swift_corkboardTests.framework */ = {isa = PBXFileReference; explicitFileType = wrapper.framework; includeInIndex = 0; path = Pods_swift_corkboardTests.framework; sourceTree = BUILT_PRODUCTS_DIR; };
		B06F2FB4060AAD208C72B256 /* Pods-swift-corkboard.debug.xcconfig */ = {isa = PBXFileReference; includeInIndex = 1; lastKnownFileType = text.xcconfig; name = "Pods-swift-corkboard.debug.xcconfig"; path = "Pods/Target Support Files/Pods-swift-corkboard/Pods-swift-corkboard.debug.xcconfig"; sourceTree = "<group>"; };
		CE2D303AFD5A04C33266D52F /* Pods_swift_corkboard.framework */ = {isa = PBXFileReference; explicitFileType = wrapper.framework; includeInIndex = 0; path = Pods_swift_corkboard.framework; sourceTree = BUILT_PRODUCTS_DIR; };
		F106D7A02148BCA2008C51C4 /* BoardViewController.swift */ = {isa = PBXFileReference; lastKnownFileType = sourcecode.swift; path = BoardViewController.swift; sourceTree = "<group>"; };
		F106D7A22148BCB4008C51C4 /* BoardSettingsViewController.swift */ = {isa = PBXFileReference; lastKnownFileType = sourcecode.swift; path = BoardSettingsViewController.swift; sourceTree = "<group>"; };
		F106D7A42148BCC2008C51C4 /* UserSettingsViewController.swift */ = {isa = PBXFileReference; lastKnownFileType = sourcecode.swift; path = UserSettingsViewController.swift; sourceTree = "<group>"; };
		F12ADF7E2141B67800FAF011 /* LoginViewController.swift */ = {isa = PBXFileReference; lastKnownFileType = sourcecode.swift; path = LoginViewController.swift; sourceTree = "<group>"; };
		F12ADF822141B6E000FAF011 /* WelcomeViewController.swift */ = {isa = PBXFileReference; lastKnownFileType = sourcecode.swift; path = WelcomeViewController.swift; sourceTree = "<group>"; };
		F12ADF842141B73100FAF011 /* RegisterViewController.swift */ = {isa = PBXFileReference; lastKnownFileType = sourcecode.swift; path = RegisterViewController.swift; sourceTree = "<group>"; };
		F12ADF862141B74400FAF011 /* MainViewController.swift */ = {isa = PBXFileReference; lastKnownFileType = sourcecode.swift; path = MainViewController.swift; sourceTree = "<group>"; };
		F13E8194214F6944002BD58A /* NoteViewCell.swift */ = {isa = PBXFileReference; lastKnownFileType = sourcecode.swift; path = NoteViewCell.swift; sourceTree = "<group>"; };
		F13E8195214F6944002BD58A /* NoteViewCell.xib */ = {isa = PBXFileReference; lastKnownFileType = file.xib; path = NoteViewCell.xib; sourceTree = "<group>"; };
		F13E8198214F6A4F002BD58A /* NoteModel.swift */ = {isa = PBXFileReference; lastKnownFileType = sourcecode.swift; path = NoteModel.swift; sourceTree = "<group>"; };
		F13E819A214FFAFB002BD58A /* ListModel.swift */ = {isa = PBXFileReference; lastKnownFileType = sourcecode.swift; path = ListModel.swift; sourceTree = "<group>"; };
		F13E819C214FFB0A002BD58A /* ImageModel.swift */ = {isa = PBXFileReference; lastKnownFileType = sourcecode.swift; path = ImageModel.swift; sourceTree = "<group>"; };
		F13E819E214FFB19002BD58A /* VideoModel.swift */ = {isa = PBXFileReference; lastKnownFileType = sourcecode.swift; path = VideoModel.swift; sourceTree = "<group>"; };
		F13E81A0214FFB3E002BD58A /* WebpageModel.swift */ = {isa = PBXFileReference; lastKnownFileType = sourcecode.swift; path = WebpageModel.swift; sourceTree = "<group>"; };
		F13E81A2214FFBBF002BD58A /* ListCell.swift */ = {isa = PBXFileReference; lastKnownFileType = sourcecode.swift; path = ListCell.swift; sourceTree = "<group>"; };
		F13E81A3214FFBBF002BD58A /* ListCell.xib */ = {isa = PBXFileReference; lastKnownFileType = file.xib; path = ListCell.xib; sourceTree = "<group>"; };
		F13E81A6214FFBCC002BD58A /* ImageCell.swift */ = {isa = PBXFileReference; lastKnownFileType = sourcecode.swift; path = ImageCell.swift; sourceTree = "<group>"; };
		F13E81A7214FFBCC002BD58A /* ImageCell.xib */ = {isa = PBXFileReference; lastKnownFileType = file.xib; path = ImageCell.xib; sourceTree = "<group>"; };
		F13E81AA214FFBDF002BD58A /* VideoCell.swift */ = {isa = PBXFileReference; lastKnownFileType = sourcecode.swift; path = VideoCell.swift; sourceTree = "<group>"; };
		F13E81AB214FFBDF002BD58A /* VideoCell.xib */ = {isa = PBXFileReference; lastKnownFileType = file.xib; path = VideoCell.xib; sourceTree = "<group>"; };
		F13E81AE214FFBF2002BD58A /* WebpageCell.swift */ = {isa = PBXFileReference; lastKnownFileType = sourcecode.swift; path = WebpageCell.swift; sourceTree = "<group>"; };
		F13E81AF214FFBF2002BD58A /* WebpageCell.xib */ = {isa = PBXFileReference; lastKnownFileType = file.xib; path = WebpageCell.xib; sourceTree = "<group>"; };
		F13E81B221503B5D002BD58A /* GoogleService-Info.plist */ = {isa = PBXFileReference; fileEncoding = 4; lastKnownFileType = text.plist.xml; path = "GoogleService-Info.plist"; sourceTree = "<group>"; };
		F1602D5221404601005DFA13 /* swift-corkboard.app */ = {isa = PBXFileReference; explicitFileType = wrapper.application; includeInIndex = 0; path = "swift-corkboard.app"; sourceTree = BUILT_PRODUCTS_DIR; };
		F1602D5521404601005DFA13 /* AppDelegate.swift */ = {isa = PBXFileReference; lastKnownFileType = sourcecode.swift; path = AppDelegate.swift; sourceTree = "<group>"; };
		F1602D5A21404601005DFA13 /* Base */ = {isa = PBXFileReference; lastKnownFileType = file.storyboard; name = Base; path = Base.lproj/Main.storyboard; sourceTree = "<group>"; };
		F1602D5C21404602005DFA13 /* Assets.xcassets */ = {isa = PBXFileReference; lastKnownFileType = folder.assetcatalog; path = Assets.xcassets; sourceTree = "<group>"; };
		F1602D5F21404602005DFA13 /* Base */ = {isa = PBXFileReference; lastKnownFileType = file.storyboard; name = Base; path = Base.lproj/LaunchScreen.storyboard; sourceTree = "<group>"; };
		F1602D6121404602005DFA13 /* Info.plist */ = {isa = PBXFileReference; lastKnownFileType = text.plist.xml; path = Info.plist; sourceTree = "<group>"; };
		F1602D6621404602005DFA13 /* swift-corkboardTests.xctest */ = {isa = PBXFileReference; explicitFileType = wrapper.cfbundle; includeInIndex = 0; path = "swift-corkboardTests.xctest"; sourceTree = BUILT_PRODUCTS_DIR; };
		F1602D6A21404602005DFA13 /* swift_corkboardTests.swift */ = {isa = PBXFileReference; lastKnownFileType = sourcecode.swift; path = swift_corkboardTests.swift; sourceTree = "<group>"; };
		F1602D6C21404602005DFA13 /* Info.plist */ = {isa = PBXFileReference; lastKnownFileType = text.plist.xml; path = Info.plist; sourceTree = "<group>"; };
		F1602D7121404602005DFA13 /* swift-corkboardUITests.xctest */ = {isa = PBXFileReference; explicitFileType = wrapper.cfbundle; includeInIndex = 0; path = "swift-corkboardUITests.xctest"; sourceTree = BUILT_PRODUCTS_DIR; };
		F1602D7521404602005DFA13 /* swift_corkboardUITests.swift */ = {isa = PBXFileReference; lastKnownFileType = sourcecode.swift; path = swift_corkboardUITests.swift; sourceTree = "<group>"; };
		F1602D7721404602005DFA13 /* Info.plist */ = {isa = PBXFileReference; lastKnownFileType = text.plist.xml; path = Info.plist; sourceTree = "<group>"; };
		F19A0EFC214B0468007C1D31 /* BoardIconModel.swift */ = {isa = PBXFileReference; lastKnownFileType = sourcecode.swift; path = BoardIconModel.swift; sourceTree = "<group>"; };
		F19A0F02214DD6A2007C1D31 /* BoardCellCollectionViewCell.swift */ = {isa = PBXFileReference; lastKnownFileType = sourcecode.swift; path = BoardCellCollectionViewCell.swift; sourceTree = "<group>"; };
		F19A0F03214DD6A2007C1D31 /* BoardCellCollectionViewCell.xib */ = {isa = PBXFileReference; lastKnownFileType = file.xib; path = BoardCellCollectionViewCell.xib; sourceTree = "<group>"; };
/* End PBXFileReference section */

/* Begin PBXFrameworksBuildPhase section */
		F1602D4F21404601005DFA13 /* Frameworks */ = {
			isa = PBXFrameworksBuildPhase;
			buildActionMask = 2147483647;
			files = (
				27E5F16D4B48D0F0C219790A /* Pods_swift_corkboard.framework in Frameworks */,
			);
			runOnlyForDeploymentPostprocessing = 0;
		};
		F1602D6321404602005DFA13 /* Frameworks */ = {
			isa = PBXFrameworksBuildPhase;
			buildActionMask = 2147483647;
			files = (
				748F9E9A24FE12384A8AFFA2 /* Pods_swift_corkboardTests.framework in Frameworks */,
			);
			runOnlyForDeploymentPostprocessing = 0;
		};
		F1602D6E21404602005DFA13 /* Frameworks */ = {
			isa = PBXFrameworksBuildPhase;
			buildActionMask = 2147483647;
			files = (
				66BA8BD5C1E650AAB6BD8745 /* Pods_swift_corkboardUITests.framework in Frameworks */,
			);
			runOnlyForDeploymentPostprocessing = 0;
		};
/* End PBXFrameworksBuildPhase section */

/* Begin PBXGroup section */
		3A6FC9742BB85B588AC76784 /* Pods */ = {
			isa = PBXGroup;
			children = (
				B06F2FB4060AAD208C72B256 /* Pods-swift-corkboard.debug.xcconfig */,
				44A10D12213C68788F7E5B77 /* Pods-swift-corkboard.release.xcconfig */,
				360B873E893114DE716F096F /* Pods-swift-corkboardTests.debug.xcconfig */,
				4780C9A054E8CED54B42120D /* Pods-swift-corkboardTests.release.xcconfig */,
				0222995816F9D51D73081D39 /* Pods-swift-corkboardUITests.debug.xcconfig */,
				0D199E4344232A2ED32D5E2F /* Pods-swift-corkboardUITests.release.xcconfig */,
			);
			name = Pods;
			sourceTree = "<group>";
		};
		F121F76B2149A03F003105AE /* Items */ = {
			isa = PBXGroup;
			children = (
				F19A0F02214DD6A2007C1D31 /* BoardCellCollectionViewCell.swift */,
				F19A0F03214DD6A2007C1D31 /* BoardCellCollectionViewCell.xib */,
				F13E8194214F6944002BD58A /* NoteViewCell.swift */,
				F13E8195214F6944002BD58A /* NoteViewCell.xib */,
				F13E81A2214FFBBF002BD58A /* ListCell.swift */,
				F13E81A3214FFBBF002BD58A /* ListCell.xib */,
				F13E81A6214FFBCC002BD58A /* ImageCell.swift */,
				F13E81A7214FFBCC002BD58A /* ImageCell.xib */,
				F13E81AA214FFBDF002BD58A /* VideoCell.swift */,
				F13E81AB214FFBDF002BD58A /* VideoCell.xib */,
				F13E81AE214FFBF2002BD58A /* WebpageCell.swift */,
				F13E81AF214FFBF2002BD58A /* WebpageCell.xib */,
			);
			path = Items;
			sourceTree = "<group>";
		};
		F1602D4921404601005DFA13 = {
			isa = PBXGroup;
			children = (
				F1602D5421404601005DFA13 /* swift-corkboard */,
				F1602D6921404602005DFA13 /* swift-corkboardTests */,
				F1602D7421404602005DFA13 /* swift-corkboardUITests */,
				F1602D5321404601005DFA13 /* Products */,
				3A6FC9742BB85B588AC76784 /* Pods */,
				F18799E8D18C84EBD12D056B /* Frameworks */,
			);
			sourceTree = "<group>";
		};
		F1602D5321404601005DFA13 /* Products */ = {
			isa = PBXGroup;
			children = (
				F1602D5221404601005DFA13 /* swift-corkboard.app */,
				F1602D6621404602005DFA13 /* swift-corkboardTests.xctest */,
				F1602D7121404602005DFA13 /* swift-corkboardUITests.xctest */,
			);
			name = Products;
			sourceTree = "<group>";
		};
		F1602D5421404601005DFA13 /* swift-corkboard */ = {
			isa = PBXGroup;
			children = (
				F1CE88922140541E000638DF /* Controller */,
				F1CE88912140541A000638DF /* View */,
				F1CE889021405415000638DF /* Model */,
				F1602D5C21404602005DFA13 /* Assets.xcassets */,
				F1CE889421405460000638DF /* Supporting-Files */,
			);
			path = "swift-corkboard";
			sourceTree = "<group>";
		};
		F1602D6921404602005DFA13 /* swift-corkboardTests */ = {
			isa = PBXGroup;
			children = (
				F1602D6A21404602005DFA13 /* swift_corkboardTests.swift */,
				F1602D6C21404602005DFA13 /* Info.plist */,
			);
			path = "swift-corkboardTests";
			sourceTree = "<group>";
		};
		F1602D7421404602005DFA13 /* swift-corkboardUITests */ = {
			isa = PBXGroup;
			children = (
				F1602D7521404602005DFA13 /* swift_corkboardUITests.swift */,
				F1602D7721404602005DFA13 /* Info.plist */,
			);
			path = "swift-corkboardUITests";
			sourceTree = "<group>";
		};
		F18799E8D18C84EBD12D056B /* Frameworks */ = {
			isa = PBXGroup;
			children = (
				CE2D303AFD5A04C33266D52F /* Pods_swift_corkboard.framework */,
				A760FBE2A4C7B2D3C49AD9FF /* Pods_swift_corkboardTests.framework */,
				621F9337CF51F4F501F88394 /* Pods_swift_corkboardUITests.framework */,
			);
			name = Frameworks;
			sourceTree = "<group>";
		};
		F1CE889021405415000638DF /* Model */ = {
			isa = PBXGroup;
			children = (
				F19A0EFC214B0468007C1D31 /* BoardIconModel.swift */,
				F13E8198214F6A4F002BD58A /* NoteModel.swift */,
				F13E819A214FFAFB002BD58A /* ListModel.swift */,
				F13E819C214FFB0A002BD58A /* ImageModel.swift */,
				F13E819E214FFB19002BD58A /* VideoModel.swift */,
				F13E81A0214FFB3E002BD58A /* WebpageModel.swift */,
			);
			path = Model;
			sourceTree = "<group>";
		};
		F1CE88912140541A000638DF /* View */ = {
			isa = PBXGroup;
			children = (
				F121F76B2149A03F003105AE /* Items */,
				F1602D5E21404602005DFA13 /* LaunchScreen.storyboard */,
				F1602D5921404601005DFA13 /* Main.storyboard */,
			);
			path = View;
			sourceTree = "<group>";
		};
		F1CE88922140541E000638DF /* Controller */ = {
			isa = PBXGroup;
			children = (
				F12ADF842141B73100FAF011 /* RegisterViewController.swift */,
				F12ADF862141B74400FAF011 /* MainViewController.swift */,
				F1602D5521404601005DFA13 /* AppDelegate.swift */,
				F12ADF822141B6E000FAF011 /* WelcomeViewController.swift */,
				F12ADF7E2141B67800FAF011 /* LoginViewController.swift */,
				F106D7A02148BCA2008C51C4 /* BoardViewController.swift */,
				F106D7A22148BCB4008C51C4 /* BoardSettingsViewController.swift */,
				F106D7A42148BCC2008C51C4 /* UserSettingsViewController.swift */,
			);
			path = Controller;
			sourceTree = "<group>";
		};
		F1CE889421405460000638DF /* Supporting-Files */ = {
			isa = PBXGroup;
			children = (
				F1602D6121404602005DFA13 /* Info.plist */,
				F13E81B221503B5D002BD58A /* GoogleService-Info.plist */,
			);
			path = "Supporting-Files";
			sourceTree = "<group>";
		};
/* End PBXGroup section */

/* Begin PBXNativeTarget section */
		F1602D5121404601005DFA13 /* swift-corkboard */ = {
			isa = PBXNativeTarget;
			buildConfigurationList = F1602D7A21404602005DFA13 /* Build configuration list for PBXNativeTarget "swift-corkboard" */;
			buildPhases = (
				145359D687CAEFD8F3F4F5A2 /* [CP] Check Pods Manifest.lock */,
				F1602D4E21404601005DFA13 /* Sources */,
				F1602D4F21404601005DFA13 /* Frameworks */,
				F1602D5021404601005DFA13 /* Resources */,
				BF2D4AA36C7F011BB59F7426 /* [CP] Embed Pods Frameworks */,
			);
			buildRules = (
			);
			dependencies = (
			);
			name = "swift-corkboard";
			productName = "swift-corkboard";
			productReference = F1602D5221404601005DFA13 /* swift-corkboard.app */;
			productType = "com.apple.product-type.application";
		};
		F1602D6521404602005DFA13 /* swift-corkboardTests */ = {
			isa = PBXNativeTarget;
			buildConfigurationList = F1602D7D21404602005DFA13 /* Build configuration list for PBXNativeTarget "swift-corkboardTests" */;
			buildPhases = (
				A1A2C3FE9D5CC64B7731E3FD /* [CP] Check Pods Manifest.lock */,
				F1602D6221404602005DFA13 /* Sources */,
				F1602D6321404602005DFA13 /* Frameworks */,
				F1602D6421404602005DFA13 /* Resources */,
				B11A1CBE74B71873BC486E76 /* [CP] Embed Pods Frameworks */,
			);
			buildRules = (
			);
			dependencies = (
				F1602D6821404602005DFA13 /* PBXTargetDependency */,
			);
			name = "swift-corkboardTests";
			productName = "swift-corkboardTests";
			productReference = F1602D6621404602005DFA13 /* swift-corkboardTests.xctest */;
			productType = "com.apple.product-type.bundle.unit-test";
		};
		F1602D7021404602005DFA13 /* swift-corkboardUITests */ = {
			isa = PBXNativeTarget;
			buildConfigurationList = F1602D8021404602005DFA13 /* Build configuration list for PBXNativeTarget "swift-corkboardUITests" */;
			buildPhases = (
				FEA07EAEA4F3E82AA96060CD /* [CP] Check Pods Manifest.lock */,
				F1602D6D21404602005DFA13 /* Sources */,
				F1602D6E21404602005DFA13 /* Frameworks */,
				F1602D6F21404602005DFA13 /* Resources */,
				FAE98405A568520766AEDB0C /* [CP] Embed Pods Frameworks */,
			);
			buildRules = (
			);
			dependencies = (
				F1602D7321404602005DFA13 /* PBXTargetDependency */,
			);
			name = "swift-corkboardUITests";
			productName = "swift-corkboardUITests";
			productReference = F1602D7121404602005DFA13 /* swift-corkboardUITests.xctest */;
			productType = "com.apple.product-type.bundle.ui-testing";
		};
/* End PBXNativeTarget section */

/* Begin PBXProject section */
		F1602D4A21404601005DFA13 /* Project object */ = {
			isa = PBXProject;
			attributes = {
				LastSwiftUpdateCheck = 0940;
				LastUpgradeCheck = 0940;
				ORGANIZATIONNAME = "Jewell White";
				TargetAttributes = {
					F1602D5121404601005DFA13 = {
						CreatedOnToolsVersion = 9.4.1;
					};
					F1602D6521404602005DFA13 = {
						CreatedOnToolsVersion = 9.4.1;
						TestTargetID = F1602D5121404601005DFA13;
					};
					F1602D7021404602005DFA13 = {
						CreatedOnToolsVersion = 9.4.1;
						TestTargetID = F1602D5121404601005DFA13;
					};
				};
			};
			buildConfigurationList = F1602D4D21404601005DFA13 /* Build configuration list for PBXProject "swift-corkboard" */;
			compatibilityVersion = "Xcode 9.3";
			developmentRegion = en;
			hasScannedForEncodings = 0;
			knownRegions = (
				en,
				Base,
			);
			mainGroup = F1602D4921404601005DFA13;
			productRefGroup = F1602D5321404601005DFA13 /* Products */;
			projectDirPath = "";
			projectRoot = "";
			targets = (
				F1602D5121404601005DFA13 /* swift-corkboard */,
				F1602D6521404602005DFA13 /* swift-corkboardTests */,
				F1602D7021404602005DFA13 /* swift-corkboardUITests */,
			);
		};
/* End PBXProject section */

/* Begin PBXResourcesBuildPhase section */
		F1602D5021404601005DFA13 /* Resources */ = {
			isa = PBXResourcesBuildPhase;
			buildActionMask = 2147483647;
			files = (
				F19A0F05214DD6A2007C1D31 /* BoardCellCollectionViewCell.xib in Resources */,
				F13E81B1214FFBF2002BD58A /* WebpageCell.xib in Resources */,
				F13E81A5214FFBBF002BD58A /* ListCell.xib in Resources */,
				F13E81A9214FFBCC002BD58A /* ImageCell.xib in Resources */,
				F1602D6021404602005DFA13 /* LaunchScreen.storyboard in Resources */,
				F1602D5D21404602005DFA13 /* Assets.xcassets in Resources */,
				F13E81AD214FFBDF002BD58A /* VideoCell.xib in Resources */,
				F13E81B321503B5D002BD58A /* GoogleService-Info.plist in Resources */,
				F1602D5B21404601005DFA13 /* Main.storyboard in Resources */,
				F13E8197214F6944002BD58A /* NoteViewCell.xib in Resources */,
			);
			runOnlyForDeploymentPostprocessing = 0;
		};
		F1602D6421404602005DFA13 /* Resources */ = {
			isa = PBXResourcesBuildPhase;
			buildActionMask = 2147483647;
			files = (
			);
			runOnlyForDeploymentPostprocessing = 0;
		};
		F1602D6F21404602005DFA13 /* Resources */ = {
			isa = PBXResourcesBuildPhase;
			buildActionMask = 2147483647;
			files = (
			);
			runOnlyForDeploymentPostprocessing = 0;
		};
/* End PBXResourcesBuildPhase section */

/* Begin PBXShellScriptBuildPhase section */
		145359D687CAEFD8F3F4F5A2 /* [CP] Check Pods Manifest.lock */ = {
			isa = PBXShellScriptBuildPhase;
			buildActionMask = 8;
			files = (
			);
			inputPaths = (
				"${PODS_PODFILE_DIR_PATH}/Podfile.lock",
				"${PODS_ROOT}/Manifest.lock",
			);
			name = "[CP] Check Pods Manifest.lock";
			outputPaths = (
				"$(DERIVED_FILE_DIR)/Pods-swift-corkboard-checkManifestLockResult.txt",
			);
			runOnlyForDeploymentPostprocessing = 1;
			shellPath = /bin/sh;
			shellScript = "diff \"${PODS_PODFILE_DIR_PATH}/Podfile.lock\" \"${PODS_ROOT}/Manifest.lock\" > /dev/null\nif [ $? != 0 ] ; then\n    # print error to STDERR\n    echo \"error: The sandbox is not in sync with the Podfile.lock. Run 'pod install' or update your CocoaPods installation.\" >&2\n    exit 1\nfi\n# This output is used by Xcode 'outputs' to avoid re-running this script phase.\necho \"SUCCESS\" > \"${SCRIPT_OUTPUT_FILE_0}\"\n";
			showEnvVarsInLog = 0;
		};
		A1A2C3FE9D5CC64B7731E3FD /* [CP] Check Pods Manifest.lock */ = {
			isa = PBXShellScriptBuildPhase;
			buildActionMask = 2147483647;
			files = (
			);
			inputPaths = (
				"${PODS_PODFILE_DIR_PATH}/Podfile.lock",
				"${PODS_ROOT}/Manifest.lock",
			);
			name = "[CP] Check Pods Manifest.lock";
			outputPaths = (
				"$(DERIVED_FILE_DIR)/Pods-swift-corkboardTests-checkManifestLockResult.txt",
			);
			runOnlyForDeploymentPostprocessing = 0;
			shellPath = /bin/sh;
			shellScript = "diff \"${PODS_PODFILE_DIR_PATH}/Podfile.lock\" \"${PODS_ROOT}/Manifest.lock\" > /dev/null\nif [ $? != 0 ] ; then\n    # print error to STDERR\n    echo \"error: The sandbox is not in sync with the Podfile.lock. Run 'pod install' or update your CocoaPods installation.\" >&2\n    exit 1\nfi\n# This output is used by Xcode 'outputs' to avoid re-running this script phase.\necho \"SUCCESS\" > \"${SCRIPT_OUTPUT_FILE_0}\"\n";
			showEnvVarsInLog = 0;
		};
		B11A1CBE74B71873BC486E76 /* [CP] Embed Pods Frameworks */ = {
			isa = PBXShellScriptBuildPhase;
			buildActionMask = 2147483647;
			files = (
			);
			inputPaths = (
				"${SRCROOT}/Pods/Target Support Files/Pods-swift-corkboardTests/Pods-swift-corkboardTests-frameworks.sh",
				"${BUILT_PRODUCTS_DIR}/Nimble/Nimble.framework",
				"${BUILT_PRODUCTS_DIR}/Quick/Quick.framework",
			);
			name = "[CP] Embed Pods Frameworks";
			outputPaths = (
				"${TARGET_BUILD_DIR}/${FRAMEWORKS_FOLDER_PATH}/Nimble.framework",
				"${TARGET_BUILD_DIR}/${FRAMEWORKS_FOLDER_PATH}/Quick.framework",
			);
			runOnlyForDeploymentPostprocessing = 0;
			shellPath = /bin/sh;
			shellScript = "\"${SRCROOT}/Pods/Target Support Files/Pods-swift-corkboardTests/Pods-swift-corkboardTests-frameworks.sh\"\n";
			showEnvVarsInLog = 0;
		};
		BF2D4AA36C7F011BB59F7426 /* [CP] Embed Pods Frameworks */ = {
			isa = PBXShellScriptBuildPhase;
			buildActionMask = 2147483647;
			files = (
			);
			inputPaths = (
				"${SRCROOT}/Pods/Target Support Files/Pods-swift-corkboard/Pods-swift-corkboard-frameworks.sh",
				"${BUILT_PRODUCTS_DIR}/Alamofire/Alamofire.framework",
				"${BUILT_PRODUCTS_DIR}/BoringSSL/openssl.framework",
				"${BUILT_PRODUCTS_DIR}/ChameleonFramework/ChameleonFramework.framework",
				"${BUILT_PRODUCTS_DIR}/CryptoSwift/CryptoSwift.framework",
				"${BUILT_PRODUCTS_DIR}/GTMSessionFetcher/GTMSessionFetcher.framework",
				"${BUILT_PRODUCTS_DIR}/GoogleUtilities/GoogleUtilities.framework",
				"${BUILT_PRODUCTS_DIR}/Protobuf/Protobuf.framework",
				"${BUILT_PRODUCTS_DIR}/PusherSwift/PusherSwift.framework",
				"${BUILT_PRODUCTS_DIR}/ReachabilitySwift/Reachability.framework",
				"${BUILT_PRODUCTS_DIR}/SDWebImage/SDWebImage.framework",
				"${BUILT_PRODUCTS_DIR}/SVProgressHUD/SVProgressHUD.framework",
				"${BUILT_PRODUCTS_DIR}/Starscream/Starscream.framework",
				"${BUILT_PRODUCTS_DIR}/SwiftKeychainWrapper/SwiftKeychainWrapper.framework",
				"${BUILT_PRODUCTS_DIR}/SwiftLinkPreview/SwiftLinkPreview.framework",
				"${BUILT_PRODUCTS_DIR}/SwiftyJSON/SwiftyJSON.framework",
				"${BUILT_PRODUCTS_DIR}/TaskQueue/TaskQueue.framework",
				"${BUILT_PRODUCTS_DIR}/gRPC/GRPCClient.framework",
				"${BUILT_PRODUCTS_DIR}/gRPC-C++/grpcpp.framework",
				"${BUILT_PRODUCTS_DIR}/gRPC-Core/grpc.framework",
				"${BUILT_PRODUCTS_DIR}/gRPC-ProtoRPC/ProtoRPC.framework",
				"${BUILT_PRODUCTS_DIR}/gRPC-RxLibrary/RxLibrary.framework",
				"${BUILT_PRODUCTS_DIR}/leveldb-library/leveldb.framework",
				"${BUILT_PRODUCTS_DIR}/nanopb/nanopb.framework",
			);
			name = "[CP] Embed Pods Frameworks";
			outputPaths = (
				"${TARGET_BUILD_DIR}/${FRAMEWORKS_FOLDER_PATH}/Alamofire.framework",
				"${TARGET_BUILD_DIR}/${FRAMEWORKS_FOLDER_PATH}/openssl.framework",
				"${TARGET_BUILD_DIR}/${FRAMEWORKS_FOLDER_PATH}/ChameleonFramework.framework",
				"${TARGET_BUILD_DIR}/${FRAMEWORKS_FOLDER_PATH}/CryptoSwift.framework",
				"${TARGET_BUILD_DIR}/${FRAMEWORKS_FOLDER_PATH}/GTMSessionFetcher.framework",
				"${TARGET_BUILD_DIR}/${FRAMEWORKS_FOLDER_PATH}/GoogleUtilities.framework",
				"${TARGET_BUILD_DIR}/${FRAMEWORKS_FOLDER_PATH}/Protobuf.framework",
				"${TARGET_BUILD_DIR}/${FRAMEWORKS_FOLDER_PATH}/PusherSwift.framework",
				"${TARGET_BUILD_DIR}/${FRAMEWORKS_FOLDER_PATH}/Reachability.framework",
				"${TARGET_BUILD_DIR}/${FRAMEWORKS_FOLDER_PATH}/SDWebImage.framework",
				"${TARGET_BUILD_DIR}/${FRAMEWORKS_FOLDER_PATH}/SVProgressHUD.framework",
				"${TARGET_BUILD_DIR}/${FRAMEWORKS_FOLDER_PATH}/Starscream.framework",
				"${TARGET_BUILD_DIR}/${FRAMEWORKS_FOLDER_PATH}/SwiftKeychainWrapper.framework",
				"${TARGET_BUILD_DIR}/${FRAMEWORKS_FOLDER_PATH}/SwiftLinkPreview.framework",
				"${TARGET_BUILD_DIR}/${FRAMEWORKS_FOLDER_PATH}/SwiftyJSON.framework",
				"${TARGET_BUILD_DIR}/${FRAMEWORKS_FOLDER_PATH}/TaskQueue.framework",
				"${TARGET_BUILD_DIR}/${FRAMEWORKS_FOLDER_PATH}/GRPCClient.framework",
				"${TARGET_BUILD_DIR}/${FRAMEWORKS_FOLDER_PATH}/grpcpp.framework",
				"${TARGET_BUILD_DIR}/${FRAMEWORKS_FOLDER_PATH}/grpc.framework",
				"${TARGET_BUILD_DIR}/${FRAMEWORKS_FOLDER_PATH}/ProtoRPC.framework",
				"${TARGET_BUILD_DIR}/${FRAMEWORKS_FOLDER_PATH}/RxLibrary.framework",
				"${TARGET_BUILD_DIR}/${FRAMEWORKS_FOLDER_PATH}/leveldb.framework",
				"${TARGET_BUILD_DIR}/${FRAMEWORKS_FOLDER_PATH}/nanopb.framework",
			);
			runOnlyForDeploymentPostprocessing = 0;
			shellPath = /bin/sh;
			shellScript = "\"${SRCROOT}/Pods/Target Support Files/Pods-swift-corkboard/Pods-swift-corkboard-frameworks.sh\"\n";
			showEnvVarsInLog = 0;
		};
		FAE98405A568520766AEDB0C /* [CP] Embed Pods Frameworks */ = {
			isa = PBXShellScriptBuildPhase;
			buildActionMask = 2147483647;
			files = (
			);
			inputPaths = (
				"${SRCROOT}/Pods/Target Support Files/Pods-swift-corkboardUITests/Pods-swift-corkboardUITests-frameworks.sh",
				"${BUILT_PRODUCTS_DIR}/Nimble/Nimble.framework",
				"${BUILT_PRODUCTS_DIR}/Quick/Quick.framework",
			);
			name = "[CP] Embed Pods Frameworks";
			outputPaths = (
				"${TARGET_BUILD_DIR}/${FRAMEWORKS_FOLDER_PATH}/Nimble.framework",
				"${TARGET_BUILD_DIR}/${FRAMEWORKS_FOLDER_PATH}/Quick.framework",
			);
			runOnlyForDeploymentPostprocessing = 0;
			shellPath = /bin/sh;
			shellScript = "\"${SRCROOT}/Pods/Target Support Files/Pods-swift-corkboardUITests/Pods-swift-corkboardUITests-frameworks.sh\"\n";
			showEnvVarsInLog = 0;
		};
		FEA07EAEA4F3E82AA96060CD /* [CP] Check Pods Manifest.lock */ = {
			isa = PBXShellScriptBuildPhase;
			buildActionMask = 2147483647;
			files = (
			);
			inputPaths = (
				"${PODS_PODFILE_DIR_PATH}/Podfile.lock",
				"${PODS_ROOT}/Manifest.lock",
			);
			name = "[CP] Check Pods Manifest.lock";
			outputPaths = (
				"$(DERIVED_FILE_DIR)/Pods-swift-corkboardUITests-checkManifestLockResult.txt",
			);
			runOnlyForDeploymentPostprocessing = 0;
			shellPath = /bin/sh;
			shellScript = "diff \"${PODS_PODFILE_DIR_PATH}/Podfile.lock\" \"${PODS_ROOT}/Manifest.lock\" > /dev/null\nif [ $? != 0 ] ; then\n    # print error to STDERR\n    echo \"error: The sandbox is not in sync with the Podfile.lock. Run 'pod install' or update your CocoaPods installation.\" >&2\n    exit 1\nfi\n# This output is used by Xcode 'outputs' to avoid re-running this script phase.\necho \"SUCCESS\" > \"${SCRIPT_OUTPUT_FILE_0}\"\n";
			showEnvVarsInLog = 0;
		};
/* End PBXShellScriptBuildPhase section */

/* Begin PBXSourcesBuildPhase section */
		F1602D4E21404601005DFA13 /* Sources */ = {
			isa = PBXSourcesBuildPhase;
			buildActionMask = 2147483647;
			files = (
				F12ADF832141B6E000FAF011 /* WelcomeViewController.swift in Sources */,
				F13E8199214F6A4F002BD58A /* NoteModel.swift in Sources */,
				F12ADF7F2141B67800FAF011 /* LoginViewController.swift in Sources */,
				F13E81B0214FFBF2002BD58A /* WebpageCell.swift in Sources */,
				F19A0F04214DD6A2007C1D31 /* BoardCellCollectionViewCell.swift in Sources */,
				F1602D5621404601005DFA13 /* AppDelegate.swift in Sources */,
				F12ADF852141B73100FAF011 /* RegisterViewController.swift in Sources */,
				F13E8196214F6944002BD58A /* NoteViewCell.swift in Sources */,
				F106D7A52148BCC2008C51C4 /* UserSettingsViewController.swift in Sources */,
				F106D7A32148BCB4008C51C4 /* BoardSettingsViewController.swift in Sources */,
				F13E81A1214FFB3E002BD58A /* WebpageModel.swift in Sources */,
				F12ADF872141B74400FAF011 /* MainViewController.swift in Sources */,
				F13E81A8214FFBCC002BD58A /* ImageCell.swift in Sources */,
				F13E81A4214FFBBF002BD58A /* ListCell.swift in Sources */,
				F13E81AC214FFBDF002BD58A /* VideoCell.swift in Sources */,
				F13E819B214FFAFB002BD58A /* ListModel.swift in Sources */,
				F106D7A12148BCA2008C51C4 /* BoardViewController.swift in Sources */,
				F19A0EFD214B0468007C1D31 /* BoardIconModel.swift in Sources */,
				F13E819F214FFB19002BD58A /* VideoModel.swift in Sources */,
				F13E819D214FFB0A002BD58A /* ImageModel.swift in Sources */,
			);
			runOnlyForDeploymentPostprocessing = 0;
		};
		F1602D6221404602005DFA13 /* Sources */ = {
			isa = PBXSourcesBuildPhase;
			buildActionMask = 2147483647;
			files = (
				F1602D6B21404602005DFA13 /* swift_corkboardTests.swift in Sources */,
			);
			runOnlyForDeploymentPostprocessing = 0;
		};
		F1602D6D21404602005DFA13 /* Sources */ = {
			isa = PBXSourcesBuildPhase;
			buildActionMask = 2147483647;
			files = (
				F1602D7621404602005DFA13 /* swift_corkboardUITests.swift in Sources */,
			);
			runOnlyForDeploymentPostprocessing = 0;
		};
/* End PBXSourcesBuildPhase section */

/* Begin PBXTargetDependency section */
		F1602D6821404602005DFA13 /* PBXTargetDependency */ = {
			isa = PBXTargetDependency;
			target = F1602D5121404601005DFA13 /* swift-corkboard */;
			targetProxy = F1602D6721404602005DFA13 /* PBXContainerItemProxy */;
		};
		F1602D7321404602005DFA13 /* PBXTargetDependency */ = {
			isa = PBXTargetDependency;
			target = F1602D5121404601005DFA13 /* swift-corkboard */;
			targetProxy = F1602D7221404602005DFA13 /* PBXContainerItemProxy */;
		};
/* End PBXTargetDependency section */

/* Begin PBXVariantGroup section */
		F1602D5921404601005DFA13 /* Main.storyboard */ = {
			isa = PBXVariantGroup;
			children = (
				F1602D5A21404601005DFA13 /* Base */,
			);
			name = Main.storyboard;
			sourceTree = "<group>";
		};
		F1602D5E21404602005DFA13 /* LaunchScreen.storyboard */ = {
			isa = PBXVariantGroup;
			children = (
				F1602D5F21404602005DFA13 /* Base */,
			);
			name = LaunchScreen.storyboard;
			sourceTree = "<group>";
		};
/* End PBXVariantGroup section */

/* Begin XCBuildConfiguration section */
		F1602D7821404602005DFA13 /* Debug */ = {
			isa = XCBuildConfiguration;
			buildSettings = {
				ALWAYS_SEARCH_USER_PATHS = NO;
				CLANG_ANALYZER_NONNULL = YES;
				CLANG_ANALYZER_NUMBER_OBJECT_CONVERSION = YES_AGGRESSIVE;
				CLANG_CXX_LANGUAGE_STANDARD = "gnu++14";
				CLANG_CXX_LIBRARY = "libc++";
				CLANG_ENABLE_MODULES = YES;
				CLANG_ENABLE_OBJC_ARC = YES;
				CLANG_ENABLE_OBJC_WEAK = YES;
				CLANG_WARN_BLOCK_CAPTURE_AUTORELEASING = YES;
				CLANG_WARN_BOOL_CONVERSION = YES;
				CLANG_WARN_COMMA = YES;
				CLANG_WARN_CONSTANT_CONVERSION = YES;
				CLANG_WARN_DEPRECATED_OBJC_IMPLEMENTATIONS = YES;
				CLANG_WARN_DIRECT_OBJC_ISA_USAGE = YES_ERROR;
				CLANG_WARN_DOCUMENTATION_COMMENTS = YES;
				CLANG_WARN_EMPTY_BODY = YES;
				CLANG_WARN_ENUM_CONVERSION = YES;
				CLANG_WARN_INFINITE_RECURSION = YES;
				CLANG_WARN_INT_CONVERSION = YES;
				CLANG_WARN_NON_LITERAL_NULL_CONVERSION = YES;
				CLANG_WARN_OBJC_IMPLICIT_RETAIN_SELF = YES;
				CLANG_WARN_OBJC_LITERAL_CONVERSION = YES;
				CLANG_WARN_OBJC_ROOT_CLASS = YES_ERROR;
				CLANG_WARN_RANGE_LOOP_ANALYSIS = YES;
				CLANG_WARN_STRICT_PROTOTYPES = YES;
				CLANG_WARN_SUSPICIOUS_MOVE = YES;
				CLANG_WARN_UNGUARDED_AVAILABILITY = YES_AGGRESSIVE;
				CLANG_WARN_UNREACHABLE_CODE = YES;
				CLANG_WARN__DUPLICATE_METHOD_MATCH = YES;
				CODE_SIGN_IDENTITY = "iPhone Developer";
				COPY_PHASE_STRIP = NO;
				DEBUG_INFORMATION_FORMAT = dwarf;
				ENABLE_STRICT_OBJC_MSGSEND = YES;
				ENABLE_TESTABILITY = YES;
				GCC_C_LANGUAGE_STANDARD = gnu11;
				GCC_DYNAMIC_NO_PIC = NO;
				GCC_NO_COMMON_BLOCKS = YES;
				GCC_OPTIMIZATION_LEVEL = 0;
				GCC_PREPROCESSOR_DEFINITIONS = (
					"DEBUG=1",
					"$(inherited)",
				);
				GCC_WARN_64_TO_32_BIT_CONVERSION = YES;
				GCC_WARN_ABOUT_RETURN_TYPE = YES_ERROR;
				GCC_WARN_UNDECLARED_SELECTOR = YES;
				GCC_WARN_UNINITIALIZED_AUTOS = YES_AGGRESSIVE;
				GCC_WARN_UNUSED_FUNCTION = YES;
				GCC_WARN_UNUSED_VARIABLE = YES;
				IPHONEOS_DEPLOYMENT_TARGET = 11.4;
				MTL_ENABLE_DEBUG_INFO = YES;
				ONLY_ACTIVE_ARCH = YES;
				SDKROOT = iphoneos;
				SWIFT_ACTIVE_COMPILATION_CONDITIONS = DEBUG;
				SWIFT_OPTIMIZATION_LEVEL = "-Onone";
			};
			name = Debug;
		};
		F1602D7921404602005DFA13 /* Release */ = {
			isa = XCBuildConfiguration;
			buildSettings = {
				ALWAYS_SEARCH_USER_PATHS = NO;
				CLANG_ANALYZER_NONNULL = YES;
				CLANG_ANALYZER_NUMBER_OBJECT_CONVERSION = YES_AGGRESSIVE;
				CLANG_CXX_LANGUAGE_STANDARD = "gnu++14";
				CLANG_CXX_LIBRARY = "libc++";
				CLANG_ENABLE_MODULES = YES;
				CLANG_ENABLE_OBJC_ARC = YES;
				CLANG_ENABLE_OBJC_WEAK = YES;
				CLANG_WARN_BLOCK_CAPTURE_AUTORELEASING = YES;
				CLANG_WARN_BOOL_CONVERSION = YES;
				CLANG_WARN_COMMA = YES;
				CLANG_WARN_CONSTANT_CONVERSION = YES;
				CLANG_WARN_DEPRECATED_OBJC_IMPLEMENTATIONS = YES;
				CLANG_WARN_DIRECT_OBJC_ISA_USAGE = YES_ERROR;
				CLANG_WARN_DOCUMENTATION_COMMENTS = YES;
				CLANG_WARN_EMPTY_BODY = YES;
				CLANG_WARN_ENUM_CONVERSION = YES;
				CLANG_WARN_INFINITE_RECURSION = YES;
				CLANG_WARN_INT_CONVERSION = YES;
				CLANG_WARN_NON_LITERAL_NULL_CONVERSION = YES;
				CLANG_WARN_OBJC_IMPLICIT_RETAIN_SELF = YES;
				CLANG_WARN_OBJC_LITERAL_CONVERSION = YES;
				CLANG_WARN_OBJC_ROOT_CLASS = YES_ERROR;
				CLANG_WARN_RANGE_LOOP_ANALYSIS = YES;
				CLANG_WARN_STRICT_PROTOTYPES = YES;
				CLANG_WARN_SUSPICIOUS_MOVE = YES;
				CLANG_WARN_UNGUARDED_AVAILABILITY = YES_AGGRESSIVE;
				CLANG_WARN_UNREACHABLE_CODE = YES;
				CLANG_WARN__DUPLICATE_METHOD_MATCH = YES;
				CODE_SIGN_IDENTITY = "iPhone Developer";
				COPY_PHASE_STRIP = NO;
				DEBUG_INFORMATION_FORMAT = "dwarf-with-dsym";
				ENABLE_NS_ASSERTIONS = NO;
				ENABLE_STRICT_OBJC_MSGSEND = YES;
				GCC_C_LANGUAGE_STANDARD = gnu11;
				GCC_NO_COMMON_BLOCKS = YES;
				GCC_WARN_64_TO_32_BIT_CONVERSION = YES;
				GCC_WARN_ABOUT_RETURN_TYPE = YES_ERROR;
				GCC_WARN_UNDECLARED_SELECTOR = YES;
				GCC_WARN_UNINITIALIZED_AUTOS = YES_AGGRESSIVE;
				GCC_WARN_UNUSED_FUNCTION = YES;
				GCC_WARN_UNUSED_VARIABLE = YES;
				IPHONEOS_DEPLOYMENT_TARGET = 11.4;
				MTL_ENABLE_DEBUG_INFO = NO;
				SDKROOT = iphoneos;
				SWIFT_COMPILATION_MODE = wholemodule;
				SWIFT_OPTIMIZATION_LEVEL = "-O";
				VALIDATE_PRODUCT = YES;
			};
			name = Release;
		};
		F1602D7B21404602005DFA13 /* Debug */ = {
			isa = XCBuildConfiguration;
			baseConfigurationReference = B06F2FB4060AAD208C72B256 /* Pods-swift-corkboard.debug.xcconfig */;
			buildSettings = {
				ASSETCATALOG_COMPILER_APPICON_NAME = AppIcon;
				CODE_SIGN_STYLE = Automatic;
				DEVELOPMENT_TEAM = 2P7S24YJA4;
				INFOPLIST_FILE = "swift-corkboard/Supporting-Files/Info.plist";
				LD_RUNPATH_SEARCH_PATHS = (
					"$(inherited)",
					"@executable_path/Frameworks",
				);
				PRODUCT_BUNDLE_IDENTIFIER = "com.JewellWhite.swift-corkboard";
				PRODUCT_NAME = "$(TARGET_NAME)";
				SWIFT_VERSION = 4.0;
				TARGETED_DEVICE_FAMILY = "1,2";
			};
			name = Debug;
		};
		F1602D7C21404602005DFA13 /* Release */ = {
			isa = XCBuildConfiguration;
			baseConfigurationReference = 44A10D12213C68788F7E5B77 /* Pods-swift-corkboard.release.xcconfig */;
			buildSettings = {
				ASSETCATALOG_COMPILER_APPICON_NAME = AppIcon;
				CODE_SIGN_STYLE = Automatic;
				DEVELOPMENT_TEAM = 2P7S24YJA4;
				INFOPLIST_FILE = "swift-corkboard/Supporting-Files/Info.plist";
				LD_RUNPATH_SEARCH_PATHS = (
					"$(inherited)",
					"@executable_path/Frameworks",
				);
				PRODUCT_BUNDLE_IDENTIFIER = "com.JewellWhite.swift-corkboard";
				PRODUCT_NAME = "$(TARGET_NAME)";
				SWIFT_VERSION = 4.0;
				TARGETED_DEVICE_FAMILY = "1,2";
			};
			name = Release;
		};
		F1602D7E21404602005DFA13 /* Debug */ = {
			isa = XCBuildConfiguration;
			baseConfigurationReference = 360B873E893114DE716F096F /* Pods-swift-corkboardTests.debug.xcconfig */;
			buildSettings = {
				ALWAYS_EMBED_SWIFT_STANDARD_LIBRARIES = YES;
				BUNDLE_LOADER = "$(TEST_HOST)";
				CODE_SIGN_STYLE = Automatic;
				DEVELOPMENT_TEAM = 2P7S24YJA4;
				INFOPLIST_FILE = "swift-corkboardTests/Info.plist";
				LD_RUNPATH_SEARCH_PATHS = (
					"$(inherited)",
					"@executable_path/Frameworks",
					"@loader_path/Frameworks",
				);
				PRODUCT_BUNDLE_IDENTIFIER = "com.jewellwhite.swift-corkboardTests";
				PRODUCT_NAME = "$(TARGET_NAME)";
				SWIFT_VERSION = 4.0;
				TARGETED_DEVICE_FAMILY = "1,2";
				TEST_HOST = "$(BUILT_PRODUCTS_DIR)/swift-corkboard.app/swift-corkboard";
			};
			name = Debug;
		};
		F1602D7F21404602005DFA13 /* Release */ = {
			isa = XCBuildConfiguration;
			baseConfigurationReference = 4780C9A054E8CED54B42120D /* Pods-swift-corkboardTests.release.xcconfig */;
			buildSettings = {
				ALWAYS_EMBED_SWIFT_STANDARD_LIBRARIES = YES;
				BUNDLE_LOADER = "$(TEST_HOST)";
				CODE_SIGN_STYLE = Automatic;
				DEVELOPMENT_TEAM = 2P7S24YJA4;
				INFOPLIST_FILE = "swift-corkboardTests/Info.plist";
				LD_RUNPATH_SEARCH_PATHS = (
					"$(inherited)",
					"@executable_path/Frameworks",
					"@loader_path/Frameworks",
				);
				PRODUCT_BUNDLE_IDENTIFIER = "com.jewellwhite.swift-corkboardTests";
				PRODUCT_NAME = "$(TARGET_NAME)";
				SWIFT_VERSION = 4.0;
				TARGETED_DEVICE_FAMILY = "1,2";
				TEST_HOST = "$(BUILT_PRODUCTS_DIR)/swift-corkboard.app/swift-corkboard";
			};
			name = Release;
		};
		F1602D8121404602005DFA13 /* Debug */ = {
			isa = XCBuildConfiguration;
			baseConfigurationReference = 0222995816F9D51D73081D39 /* Pods-swift-corkboardUITests.debug.xcconfig */;
			buildSettings = {
				ALWAYS_EMBED_SWIFT_STANDARD_LIBRARIES = YES;
				CODE_SIGN_STYLE = Automatic;
				DEVELOPMENT_TEAM = 2P7S24YJA4;
				INFOPLIST_FILE = "swift-corkboardUITests/Info.plist";
				LD_RUNPATH_SEARCH_PATHS = (
					"$(inherited)",
					"@executable_path/Frameworks",
					"@loader_path/Frameworks",
				);
				PRODUCT_BUNDLE_IDENTIFIER = "com.jewellwhite.swift-corkboardUITests";
				PRODUCT_NAME = "$(TARGET_NAME)";
				SWIFT_VERSION = 4.0;
				TARGETED_DEVICE_FAMILY = "1,2";
				TEST_TARGET_NAME = "swift-corkboard";
			};
			name = Debug;
		};
		F1602D8221404602005DFA13 /* Release */ = {
			isa = XCBuildConfiguration;
			baseConfigurationReference = 0D199E4344232A2ED32D5E2F /* Pods-swift-corkboardUITests.release.xcconfig */;
			buildSettings = {
				ALWAYS_EMBED_SWIFT_STANDARD_LIBRARIES = YES;
				CODE_SIGN_STYLE = Automatic;
				DEVELOPMENT_TEAM = 2P7S24YJA4;
				INFOPLIST_FILE = "swift-corkboardUITests/Info.plist";
				LD_RUNPATH_SEARCH_PATHS = (
					"$(inherited)",
					"@executable_path/Frameworks",
					"@loader_path/Frameworks",
				);
				PRODUCT_BUNDLE_IDENTIFIER = "com.jewellwhite.swift-corkboardUITests";
				PRODUCT_NAME = "$(TARGET_NAME)";
				SWIFT_VERSION = 4.0;
				TARGETED_DEVICE_FAMILY = "1,2";
				TEST_TARGET_NAME = "swift-corkboard";
			};
			name = Release;
		};
/* End XCBuildConfiguration section */

/* Begin XCConfigurationList section */
		F1602D4D21404601005DFA13 /* Build configuration list for PBXProject "swift-corkboard" */ = {
			isa = XCConfigurationList;
			buildConfigurations = (
				F1602D7821404602005DFA13 /* Debug */,
				F1602D7921404602005DFA13 /* Release */,
			);
			defaultConfigurationIsVisible = 0;
			defaultConfigurationName = Release;
		};
		F1602D7A21404602005DFA13 /* Build configuration list for PBXNativeTarget "swift-corkboard" */ = {
			isa = XCConfigurationList;
			buildConfigurations = (
				F1602D7B21404602005DFA13 /* Debug */,
				F1602D7C21404602005DFA13 /* Release */,
			);
			defaultConfigurationIsVisible = 0;
			defaultConfigurationName = Release;
		};
		F1602D7D21404602005DFA13 /* Build configuration list for PBXNativeTarget "swift-corkboardTests" */ = {
			isa = XCConfigurationList;
			buildConfigurations = (
				F1602D7E21404602005DFA13 /* Debug */,
				F1602D7F21404602005DFA13 /* Release */,
			);
			defaultConfigurationIsVisible = 0;
			defaultConfigurationName = Release;
		};
		F1602D8021404602005DFA13 /* Build configuration list for PBXNativeTarget "swift-corkboardUITests" */ = {
			isa = XCConfigurationList;
			buildConfigurations = (
				F1602D8121404602005DFA13 /* Debug */,
				F1602D8221404602005DFA13 /* Release */,
			);
			defaultConfigurationIsVisible = 0;
			defaultConfigurationName = Release;
		};
/* End XCConfigurationList section */
	};
	rootObject = F1602D4A21404601005DFA13 /* Project object */;
}
